
Microsoft Visual Studio Solution File, Format Version 12.00
# Visual Studio Version 17
VisualStudioVersion = 17.11.35312.102
MinimumVisualStudioVersion = 10.0.40219.1
Project("{FAE04EC0-301F-11D3-BF4B-00C04F79EFBC}") = "MedicalDeviceMaintenance", "MedicalDeviceMaintenance\MedicalDeviceMaintenance.csproj", "{8CAF4C1B-8CDF-4ECC-A942-A3B6F239A33E}"
EndProject
Global
	GlobalSection(SolutionConfigurationPlatforms) = preSolution
		Debug|Any CPU = Debug|Any CPU
		Release|Any CPU = Release|Any CPU
	EndGlobalSection
	GlobalSection(ProjectConfigurationPlatforms) = postSolution
		{8CAF4C1B-8CDF-4ECC-A942-A3B6F239A33E}.Debug|Any CPU.ActiveCfg = Debug|Any CPU
		{8CAF4C1B-8CDF-4ECC-A942-A3B6F239A33E}.Debug|Any CPU.Build.0 = Debug|Any CPU
		{8CAF4C1B-8CDF-4ECC-A942-A3B6F239A33E}.Release|Any CPU.ActiveCfg = Release|Any CPU
		{8CAF4C1B-8CDF-4ECC-A942-A3B6F239A33E}.Release|Any CPU.Build.0 = Release|Any CPU
	EndGlobalSection
	GlobalSection(SolutionProperties) = preSolution
		HideSolutionNode = FALSE
	EndGlobalSection
	GlobalSection(ExtensibilityGlobals) = postSolution
		SolutionGuid = {04DC7213-DFC8-4E64-B00F-E098AB8F7001}
	EndGlobalSection
EndGlobal
